
Microsoft Visual Studio Solution File, Format Version 12.00
# Visual Studio Version 17
VisualStudioVersion = 17.7.34031.279
MinimumVisualStudioVersion = 10.0.40219.1
Project("{FAE04EC0-301F-11D3-BF4B-00C04F79EFBC}") = "Lab1", "Lab1.csproj", "{6301F34F-12AC-48BA-A8A2-D68B810E4462}"
EndProject
Global
	GlobalSection(SolutionConfigurationPlatforms) = preSolution
		Debug|Any CPU = Debug|Any CPU
		Release|Any CPU = Release|Any CPU
	EndGlobalSection
	GlobalSection(ProjectConfigurationPlatforms) = postSolution
		{6301F34F-12AC-48BA-A8A2-D68B810E4462}.Debug|Any CPU.ActiveCfg = Debug|Any CPU
		{6301F34F-12AC-48BA-A8A2-D68B810E4462}.Debug|Any CPU.Build.0 = Debug|Any CPU
		{6301F34F-12AC-48BA-A8A2-D68B810E4462}.Release|Any CPU.ActiveCfg = Release|Any CPU
		{6301F34F-12AC-48BA-A8A2-D68B810E4462}.Release|Any CPU.Build.0 = Release|Any CPU
	EndGlobalSection
	GlobalSection(SolutionProperties) = preSolution
		HideSolutionNode = FALSE
	EndGlobalSection
	GlobalSection(ExtensibilityGlobals) = postSolution
		SolutionGuid = {B8A7E8E9-0E0A-4585-B7D4-03D5E0417348}
	EndGlobalSection
EndGlobal
